{
  "name": "receitas",
  "version": "1.0.0",
  "lockfileVersion": 1,
  "requires": true,
  "dependencies": {
    "swagger-editor-dist": {
      "version": "3.16.5",
      "resolved": "https://registry.npmjs.org/swagger-editor-dist/-/swagger-editor-dist-3.16.5.tgz",
      "integrity": "sha512-BO/v4+xKfTJU44sQogcZolq+vDc0qhlLRZrMaeMonfztkz5W5l0afFZ2mlSAKxCwYT1ecHnWhCS/zbTNzGosTw=="
    }
  }
}
